
Microsoft Visual Studio Solution File, Format Version 12.00
# Visual Studio Version 17
VisualStudioVersion = 17.3.32929.385
MinimumVisualStudioVersion = 10.0.40219.1
Project("{9A19103F-16F7-4668-BE54-9A1E7A4F7556}") = "BlogProject", "BlogProject\BlogProject.csproj", "{F2304179-575E-405B-B7BB-39D0C85664BF}"
EndProject
Project("{FAE04EC0-301F-11D3-BF4B-00C04F79EFBC}") = "UnitTest", "UnitTeat\UnitTest.csproj", "{D80DDB97-75C5-41A6-B165-FAD47BF81CC4}"
EndProject
Global
	GlobalSection(SolutionConfigurationPlatforms) = preSolution
		Debug|Any CPU = Debug|Any CPU
		Release|Any CPU = Release|Any CPU
	EndGlobalSection
	GlobalSection(ProjectConfigurationPlatforms) = postSolution
		{F2304179-575E-405B-B7BB-39D0C85664BF}.Debug|Any CPU.ActiveCfg = Debug|Any CPU
		{F2304179-575E-405B-B7BB-39D0C85664BF}.Debug|Any CPU.Build.0 = Debug|Any CPU
		{F2304179-575E-405B-B7BB-39D0C85664BF}.Release|Any CPU.ActiveCfg = Release|Any CPU
		{F2304179-575E-405B-B7BB-39D0C85664BF}.Release|Any CPU.Build.0 = Release|Any CPU
		{D80DDB97-75C5-41A6-B165-FAD47BF81CC4}.Debug|Any CPU.ActiveCfg = Debug|Any CPU
		{D80DDB97-75C5-41A6-B165-FAD47BF81CC4}.Debug|Any CPU.Build.0 = Debug|Any CPU
		{D80DDB97-75C5-41A6-B165-FAD47BF81CC4}.Release|Any CPU.ActiveCfg = Release|Any CPU
		{D80DDB97-75C5-41A6-B165-FAD47BF81CC4}.Release|Any CPU.Build.0 = Release|Any CPU
	EndGlobalSection
	GlobalSection(SolutionProperties) = preSolution
		HideSolutionNode = FALSE
	EndGlobalSection
	GlobalSection(ExtensibilityGlobals) = postSolution
		SolutionGuid = {00B0733E-4567-4ADA-B602-670A68027917}
	EndGlobalSection
EndGlobal
